{
  "name": "tRPC",
  "lockfileVersion": 3,
  "requires": true,
  "packages": {
    "": {
      "dependencies": {
        "@trpc/client": "^11.3.1",
        "@trpc/server": "^11.3.1"
      }
    },
    "node_modules/@trpc/client": {
      "version": "11.3.1",
      "resolved": "https://registry.npmjs.org/@trpc/client/-/client-11.3.1.tgz",
      "integrity": "sha512-UlLsUN7x8qD07FaGzdz/FG3K+kpaYowZkmVZ8R4Nlx1Yj01Kgr1Y+cGjtBdRpd+0l7uVylwDPmHA1OxYE6zHgA==",
      "funding": [
        "https://trpc.io/sponsor"
      ],
      "license": "MIT",
      "peerDependencies": {
        "@trpc/server": "11.3.1",
        "typescript": ">=5.7.2"
      }
    },
    "node_modules/@trpc/server": {
      "version": "11.3.1",
      "resolved": "https://registry.npmjs.org/@trpc/server/-/server-11.3.1.tgz",
      "integrity": "sha512-5Rjigjqwl9ieXL91ebZ1M4FPFXQJ5qipRyZuBoNzvqkq7Qlig+2F4WwLELyiTSNk2bGzdJTXJMKLhRE9Z56D8w==",
      "funding": [
        "https://trpc.io/sponsor"
      ],
      "license": "MIT",
      "peerDependencies": {
        "typescript": ">=5.7.2"
      }
    },
    "node_modules/typescript": {
      "version": "5.8.3",
      "resolved": "https://registry.npmjs.org/typescript/-/typescript-5.8.3.tgz",
      "integrity": "sha512-p1diW6TqL9L07nNxvRMM7hMMw4c5XOo/1ibL4aAIGmSAt9slTE1Xgw5KWuof2uTOvCg9BY7ZRi+GaF+7sfgPeQ==",
      "license": "Apache-2.0",
      "peer": true,
      "bin": {
        "tsc": "bin/tsc",
        "tsserver": "bin/tsserver"
      },
      "engines": {
        "node": ">=14.17"
      }
    }
  }
}
